lockfileVersion: '9.0'

settings:
  autoInstallPeers: true
  excludeLinksFromLockfile: false

importers:

  .:
    devDependencies:
      '@biomejs/biome':
        specifier: 2.5.0
        version: 2.5.0

packages:

  '@biomejs/biome@2.5.0':
    resolution: {integrity: sha512-4kURkd9hAPrdDM3C9n82ycYgx8hvQcW6MjKTEejruj8rK0N8P3OPpdy8BvI8kt3KWY4ycF5XtDOrktetEfhfuw==}
    engines: {node: '>=14.21.3'}
    hasBin: true

  '@biomejs/cli-darwin-arm64@2.5.0':
    resolution: {integrity: sha512-Mn3Fwi3SA5fgmfCPqmzpWF2DLZnms3BVAhM088nTnGrTZmHS3wwIjcoZPqpXeNgd3DrrLH6xp8vTLIBuJoZiXw==}
    engines: {node: '>=14.21.3'}
    cpu: [arm64]
    os: [darwin]

  '@biomejs/cli-darwin-x64@2.5.0':
    resolution: {integrity: sha512-rg3VPL5P8mYro6pqlXYXuJWph21slVp3SZtAqWSrkZs40d2gTzYmHF8E/X1iTID25btmNKltNDJ926sqVBp7DQ==}
    engines: {node: '>=14.21.3'}
    cpu: [x64]
    os: [darwin]

  '@biomejs/cli-linux-arm64-musl@2.5.0':
    resolution: {integrity: sha512-vQdM4oSGaf7ZNeGO9w5+Y8SBtyser9M6znxYbm7Ec8wInxJu1WiKxFYZW5Auj2d80bcVvefuGGRxoFOE0eee8g==}
    engines: {node: '>=14.21.3'}
    cpu: [arm64]
    os: [linux]
    libc: [musl]

  '@biomejs/cli-linux-arm64@2.5.0':
    resolution: {integrity: sha512-tl+LW8fdD96/xdeWtWwc82LIOc5CoY7N2AsogLTp5R4ECErYt+8Jl/N68ezN9vzSiqPTxw6vjcihoLPYKZHrlw==}
    engines: {node: '>=14.21.3'}
    cpu: [arm64]
    os: [linux]
    libc: [glibc]

  '@biomejs/cli-linux-x64-musl@2.5.0':
    resolution: {integrity: sha512-+9hIcMngJ+yGUahXqZuZ8CoWKJE9SAZsFsM3QDvXpNsLbXZ9lqVzgBhOk/jTSYkOA0GLP9eu3teukqpLUojHMg==}
    engines: {node: '>=14.21.3'}
    cpu: [x64]
    os: [linux]
    libc: [musl]

  '@biomejs/cli-linux-x64@2.5.0':
    resolution: {integrity: sha512-zpEGf4RQbFEh8Vt7OmavLyyOzRbtcE9osCqrS1kfvt8jDvxwhKXLSf7n0ebr/ov0RJ9ssP+lhs6C8a9WwFvrQA==}
    engines: {node: '>=14.21.3'}
    cpu: [x64]
    os: [linux]
    libc: [glibc]

  '@biomejs/cli-win32-arm64@2.5.0':
    resolution: {integrity: sha512-jB0wAvTLI4itx5VidqVUejPQFhRUxiZ9l9FvZ26D5fl6t3qme+ZB4PD3bTSeL1vZ8NI2Rx/zj6H9zcESuGHKGw==}
    engines: {node: '>=14.21.3'}
    cpu: [arm64]
    os: [win32]

  '@biomejs/cli-win32-x64@2.5.0':
    resolution: {integrity: sha512-VT/lF+GId+67j8aDfLkxdxNoVApsPSTbyAtB3jJq0IWTrY77WXfbPfpngxq0bA6JCEv/7k8C9qWjDRKRznDlyw==}
    engines: {node: '>=14.21.3'}
    cpu: [x64]
    os: [win32]

snapshots:

  '@biomejs/biome@2.5.0':
    optionalDependencies:
      '@biomejs/cli-darwin-arm64': 2.5.0
      '@biomejs/cli-darwin-x64': 2.5.0
      '@biomejs/cli-linux-arm64': 2.5.0
      '@biomejs/cli-linux-arm64-musl': 2.5.0
      '@biomejs/cli-linux-x64': 2.5.0
      '@biomejs/cli-linux-x64-musl': 2.5.0
      '@biomejs/cli-win32-arm64': 2.5.0
      '@biomejs/cli-win32-x64': 2.5.0

  '@biomejs/cli-darwin-arm64@2.5.0':
    optional: true

  '@biomejs/cli-darwin-x64@2.5.0':
    optional: true

  '@biomejs/cli-linux-arm64-musl@2.5.0':
    optional: true

  '@biomejs/cli-linux-arm64@2.5.0':
    optional: true

  '@biomejs/cli-linux-x64-musl@2.5.0':
    optional: true

  '@biomejs/cli-linux-x64@2.5.0':
    optional: true

  '@biomejs/cli-win32-arm64@2.5.0':
    optional: true

  '@biomejs/cli-win32-x64@2.5.0':
    optional: true
